# This file is automatically @generated by Cargo.
# It is not intended for manual editing.
version = 3

[[package]]
name = "cc"
version = "1.0.79"
source = "registry+https://github.com/rust-lang/crates.io-index"
checksum = "50d30906286121d95be3d479533b458f87493b30a4b5f79a607db8f5d11aa91f"

[[package]]
name = "cmake"
version = "0.1.50"
source = "registry+https://github.com/rust-lang/crates.io-index"
checksum = "a31c789563b815f77f4250caee12365734369f942439b7defd71e18a48197130"
dependencies = [
 "cc",
]

[[package]]
name = "log"
version = "0.4.19"
source = "registry+https://github.com/rust-lang/crates.io-index"
checksum = "b06a4cde4c0f271a446782e3eff8de789548ce57dbc8eca9292c27f4a42004b4"

[[package]]
name = "nng"
version = "1.0.1"
source = "registry+https://github.com/rust-lang/crates.io-index"
checksum = "20a18ed7ec1c8ff1658bcfea2ce76dcedf8be21dd9e8dd2e9762ba9632d16203"
dependencies = [
 "log",
 "nng-sys",
]

[[package]]
name = "nng-sys"
version = "1.4.0-rc.0"
source = "registry+https://github.com/rust-lang/crates.io-index"
checksum = "50d0e7f39a8fd1792a710da9351320e864dc799cf439960e332c977b2f876da6"
dependencies = [
 "cmake",
 "version_check",
]

[[package]]
name = "nng_pubsub_forwarder"
version = "0.1.0"
dependencies = [
 "nng",
]

[[package]]
name = "version_check"
version = "0.9.4"
source = "registry+https://github.com/rust-lang/crates.io-index"
checksum = "49874b5167b65d7193b8aba1567f5c7d93d001cafc34600cee003eda787e483f"
